# This file was generated by Aiken
# You typically do not need to edit this file

[[requirements]]
name = "aiken-lang/stdlib"
version = "7d5cee54b2bb4eea211ae3bd806c7c39e5fd899d"
source = "github"

[[packages]]
name = "aiken-lang/stdlib"
version = "7d5cee54b2bb4eea211ae3bd806c7c39e5fd899d"
requirements = []
source = "github"

[etags]
